// !$*UTF8*$!
{
	archiveVersion = 1;
	classes = {
	};
	objectVersion = 56;
	objects = {

/* Begin PBXBuildFile section */
		AE2D94572981A182003E5EB6 /* AppDelegate.swift in Sources */ = {isa = PBXBuildFile; fileRef = AE2D94562981A182003E5EB6 /* AppDelegate.swift */; };
		AE2D94592981A182003E5EB6 /* SceneDelegate.swift in Sources */ = {isa = PBXBuildFile; fileRef = AE2D94582981A182003E5EB6 /* SceneDelegate.swift */; };
		AE2D94602981A184003E5EB6 /* Assets.xcassets in Resources */ = {isa = PBXBuildFile; fileRef = AE2D945F2981A184003E5EB6 /* Assets.xcassets */; };
		AE2D94632981A184003E5EB6 /* LaunchScreen.storyboard in Resources */ = {isa = PBXBuildFile; fileRef = AE2D94612981A184003E5EB6 /* LaunchScreen.storyboard */; };
		AE2D94762981BF46003E5EB6 /* CardImage.swift in Sources */ = {isa = PBXBuildFile; fileRef = AE2D94752981BF46003E5EB6 /* CardImage.swift */; };
		AE2D94782981BFD0003E5EB6 /* Card.swift in Sources */ = {isa = PBXBuildFile; fileRef = AE2D94772981BFD0003E5EB6 /* Card.swift */; };
		AE2D947A2981C0C3003E5EB6 /* CardResponse.swift in Sources */ = {isa = PBXBuildFile; fileRef = AE2D94792981C0C3003E5EB6 /* CardResponse.swift */; };
		AE2D947C2981C99F003E5EB6 /* Service.swift in Sources */ = {isa = PBXBuildFile; fileRef = AE2D947B2981C99F003E5EB6 /* Service.swift */; };
		AE2D947F2981CB6B003E5EB6 /* CustomError.swift in Sources */ = {isa = PBXBuildFile; fileRef = AE2D947E2981CB6B003E5EB6 /* CustomError.swift */; };
		AE2D94812981CC10003E5EB6 /* CardService.swift in Sources */ = {isa = PBXBuildFile; fileRef = AE2D94802981CC10003E5EB6 /* CardService.swift */; };
		AEB1A54D299439AE00424D3A /* ViewState.swift in Sources */ = {isa = PBXBuildFile; fileRef = AEB1A54C299439AE00424D3A /* ViewState.swift */; };
		AEB1A54F29943A2A00424D3A /* RequestDelegateProtocol.swift in Sources */ = {isa = PBXBuildFile; fileRef = AEB1A54E29943A2A00424D3A /* RequestDelegateProtocol.swift */; };
		AEB1A55129943A8400424D3A /* HomeViewModel.swift in Sources */ = {isa = PBXBuildFile; fileRef = AEB1A55029943A8400424D3A /* HomeViewModel.swift */; };
		AEB1A55329943B5F00424D3A /* Types.swift in Sources */ = {isa = PBXBuildFile; fileRef = AEB1A55229943B5F00424D3A /* Types.swift */; };
		AEB1A5562995668100424D3A /* SnapKit in Frameworks */ = {isa = PBXBuildFile; productRef = AEB1A5552995668100424D3A /* SnapKit */; };
		AEB1A558299566D300424D3A /* HomeViewController.swift in Sources */ = {isa = PBXBuildFile; fileRef = AEB1A557299566D300424D3A /* HomeViewController.swift */; };
		AEB1A55A29956D9500424D3A /* CardListCell.swift in Sources */ = {isa = PBXBuildFile; fileRef = AEB1A55929956D9500424D3A /* CardListCell.swift */; };
		AEB1A55D29956DDB00424D3A /* Kingfisher in Frameworks */ = {isa = PBXBuildFile; productRef = AEB1A55C29956DDB00424D3A /* Kingfisher */; };
		AEB1A560299572CD00424D3A /* AppController.swift in Sources */ = {isa = PBXBuildFile; fileRef = AEB1A55F299572CD00424D3A /* AppController.swift */; };
		AEB1A5632995736300424D3A /* ProgressHUD in Frameworks */ = {isa = PBXBuildFile; productRef = AEB1A5622995736300424D3A /* ProgressHUD */; };
/* End PBXBuildFile section */

/* Begin PBXFileReference section */
		AE2D94532981A182003E5EB6 /* yugioh-mvvm.app */ = {isa = PBXFileReference; explicitFileType = wrapper.application; includeInIndex = 0; path = "yugioh-mvvm.app"; sourceTree = BUILT_PRODUCTS_DIR; };
		AE2D94562981A182003E5EB6 /* AppDelegate.swift */ = {isa = PBXFileReference; lastKnownFileType = sourcecode.swift; path = AppDelegate.swift; sourceTree = "<group>"; };
		AE2D94582981A182003E5EB6 /* SceneDelegate.swift */ = {isa = PBXFileReference; lastKnownFileType = sourcecode.swift; path = SceneDelegate.swift; sourceTree = "<group>"; };
		AE2D945F2981A184003E5EB6 /* Assets.xcassets */ = {isa = PBXFileReference; lastKnownFileType = folder.assetcatalog; path = Assets.xcassets; sourceTree = "<group>"; };
		AE2D94622981A184003E5EB6 /* Base */ = {isa = PBXFileReference; lastKnownFileType = file.storyboard; name = Base; path = Base.lproj/LaunchScreen.storyboard; sourceTree = "<group>"; };
		AE2D94642981A184003E5EB6 /* Info.plist */ = {isa = PBXFileReference; lastKnownFileType = text.plist.xml; path = Info.plist; sourceTree = "<group>"; };
		AE2D94752981BF46003E5EB6 /* CardImage.swift */ = {isa = PBXFileReference; lastKnownFileType = sourcecode.swift; path = CardImage.swift; sourceTree = "<group>"; };
		AE2D94772981BFD0003E5EB6 /* Card.swift */ = {isa = PBXFileReference; lastKnownFileType = sourcecode.swift; path = Card.swift; sourceTree = "<group>"; };
		AE2D94792981C0C3003E5EB6 /* CardResponse.swift */ = {isa = PBXFileReference; lastKnownFileType = sourcecode.swift; path = CardResponse.swift; sourceTree = "<group>"; };
		AE2D947B2981C99F003E5EB6 /* Service.swift */ = {isa = PBXFileReference; lastKnownFileType = sourcecode.swift; path = Service.swift; sourceTree = "<group>"; };
		AE2D947E2981CB6B003E5EB6 /* CustomError.swift */ = {isa = PBXFileReference; lastKnownFileType = sourcecode.swift; path = CustomError.swift; sourceTree = "<group>"; };
		AE2D94802981CC10003E5EB6 /* CardService.swift */ = {isa = PBXFileReference; lastKnownFileType = sourcecode.swift; path = CardService.swift; sourceTree = "<group>"; };
		AEB1A54C299439AE00424D3A /* ViewState.swift */ = {isa = PBXFileReference; lastKnownFileType = sourcecode.swift; path = ViewState.swift; sourceTree = "<group>"; };
		AEB1A54E29943A2A00424D3A /* RequestDelegateProtocol.swift */ = {isa = PBXFileReference; lastKnownFileType = sourcecode.swift; path = RequestDelegateProtocol.swift; sourceTree = "<group>"; };
		AEB1A55029943A8400424D3A /* HomeViewModel.swift */ = {isa = PBXFileReference; lastKnownFileType = sourcecode.swift; path = HomeViewModel.swift; sourceTree = "<group>"; };
		AEB1A55229943B5F00424D3A /* Types.swift */ = {isa = PBXFileReference; lastKnownFileType = sourcecode.swift; path = Types.swift; sourceTree = "<group>"; };
		AEB1A557299566D300424D3A /* HomeViewController.swift */ = {isa = PBXFileReference; lastKnownFileType = sourcecode.swift; path = HomeViewController.swift; sourceTree = "<group>"; };
		AEB1A55929956D9500424D3A /* CardListCell.swift */ = {isa = PBXFileReference; lastKnownFileType = sourcecode.swift; path = CardListCell.swift; sourceTree = "<group>"; };
		AEB1A55F299572CD00424D3A /* AppController.swift */ = {isa = PBXFileReference; lastKnownFileType = sourcecode.swift; path = AppController.swift; sourceTree = "<group>"; };
/* End PBXFileReference section */

/* Begin PBXFrameworksBuildPhase section */
		AE2D94502981A182003E5EB6 /* Frameworks */ = {
			isa = PBXFrameworksBuildPhase;
			buildActionMask = 2147483647;
			files = (
				AEB1A5632995736300424D3A /* ProgressHUD in Frameworks */,
				AEB1A55D29956DDB00424D3A /* Kingfisher in Frameworks */,
				AEB1A5562995668100424D3A /* SnapKit in Frameworks */,
			);
			runOnlyForDeploymentPostprocessing = 0;
		};
/* End PBXFrameworksBuildPhase section */

/* Begin PBXGroup section */
		AE2D944A2981A182003E5EB6 = {
			isa = PBXGroup;
			children = (
				AE2D94552981A182003E5EB6 /* yugioh-mvvm */,
				AE2D94542981A182003E5EB6 /* Products */,
			);
			sourceTree = "<group>";
		};
		AE2D94542981A182003E5EB6 /* Products */ = {
			isa = PBXGroup;
			children = (
				AE2D94532981A182003E5EB6 /* yugioh-mvvm.app */,
			);
			name = Products;
			sourceTree = "<group>";
		};
		AE2D94552981A182003E5EB6 /* yugioh-mvvm */ = {
			isa = PBXGroup;
			children = (
				AE2D94642981A184003E5EB6 /* Info.plist */,
				AE2D94742981BD59003E5EB6 /* Configs */,
				AE2D94732981BD4A003E5EB6 /* Coordinators */,
				AE2D94722981BD42003E5EB6 /* Core */,
				AE2D94712981BD33003E5EB6 /* Models */,
				AE2D94702981BD1B003E5EB6 /* Resources */,
				AE2D946F2981BD10003E5EB6 /* Services */,
				AE2D946E2981BD0A003E5EB6 /* Utils */,
				AE2D946D2981BD04003E5EB6 /* View */,
				AE2D946C2981BCDC003E5EB6 /* ViewControllers */,
			);
			path = "yugioh-mvvm";
			sourceTree = "<group>";
		};
		AE2D946C2981BCDC003E5EB6 /* ViewControllers */ = {
			isa = PBXGroup;
			children = (
				AEB1A5652995751E00424D3A /* Enums */,
				AEB1A5642995750800424D3A /* Protocol */,
				AEB1A55E299572AF00424D3A /* Common */,
				AEB1A55029943A8400424D3A /* HomeViewModel.swift */,
				AEB1A557299566D300424D3A /* HomeViewController.swift */,
				AEB1A55229943B5F00424D3A /* Types.swift */,
			);
			path = ViewControllers;
			sourceTree = "<group>";
		};
		AE2D946D2981BD04003E5EB6 /* View */ = {
			isa = PBXGroup;
			children = (
				AEB1A55929956D9500424D3A /* CardListCell.swift */,
			);
			path = View;
			sourceTree = "<group>";
		};
		AE2D946E2981BD0A003E5EB6 /* Utils */ = {
			isa = PBXGroup;
			children = (
			);
			path = Utils;
			sourceTree = "<group>";
		};
		AE2D946F2981BD10003E5EB6 /* Services */ = {
			isa = PBXGroup;
			children = (
				AE2D947D2981CB5B003E5EB6 /* Errors */,
				AE2D947B2981C99F003E5EB6 /* Service.swift */,
				AE2D94802981CC10003E5EB6 /* CardService.swift */,
			);
			path = Services;
			sourceTree = "<group>";
		};
		AE2D94702981BD1B003E5EB6 /* Resources */ = {
			isa = PBXGroup;
			children = (
				AE2D945F2981A184003E5EB6 /* Assets.xcassets */,
				AE2D94612981A184003E5EB6 /* LaunchScreen.storyboard */,
			);
			path = Resources;
			sourceTree = "<group>";
		};
		AE2D94712981BD33003E5EB6 /* Models */ = {
			isa = PBXGroup;
			children = (
				AE2D94752981BF46003E5EB6 /* CardImage.swift */,
				AE2D94772981BFD0003E5EB6 /* Card.swift */,
				AE2D94792981C0C3003E5EB6 /* CardResponse.swift */,
			);
			path = Models;
			sourceTree = "<group>";
		};
		AE2D94722981BD42003E5EB6 /* Core */ = {
			isa = PBXGroup;
			children = (
				AE2D94562981A182003E5EB6 /* AppDelegate.swift */,
				AE2D94582981A182003E5EB6 /* SceneDelegate.swift */,
			);
			path = Core;
			sourceTree = "<group>";
		};
		AE2D94732981BD4A003E5EB6 /* Coordinators */ = {
			isa = PBXGroup;
			children = (
			);
			path = Coordinators;
			sourceTree = "<group>";
		};
		AE2D94742981BD59003E5EB6 /* Configs */ = {
			isa = PBXGroup;
			children = (
			);
			path = Configs;
			sourceTree = "<group>";
		};
		AE2D947D2981CB5B003E5EB6 /* Errors */ = {
			isa = PBXGroup;
			children = (
				AE2D947E2981CB6B003E5EB6 /* CustomError.swift */,
			);
			path = Errors;
			sourceTree = "<group>";
		};
		AEB1A55E299572AF00424D3A /* Common */ = {
			isa = PBXGroup;
			children = (
				AEB1A55F299572CD00424D3A /* AppController.swift */,
			);
			path = Common;
			sourceTree = "<group>";
		};
		AEB1A5642995750800424D3A /* Protocol */ = {
			isa = PBXGroup;
			children = (
				AEB1A54E29943A2A00424D3A /* RequestDelegateProtocol.swift */,
			);
			path = Protocol;
			sourceTree = "<group>";
		};
		AEB1A5652995751E00424D3A /* Enums */ = {
			isa = PBXGroup;
			children = (
				AEB1A54C299439AE00424D3A /* ViewState.swift */,
			);
			path = Enums;
			sourceTree = "<group>";
		};
/* End PBXGroup section */

/* Begin PBXNativeTarget section */
		AE2D94522981A182003E5EB6 /* yugioh-mvvm */ = {
			isa = PBXNativeTarget;
			buildConfigurationList = AE2D94672981A184003E5EB6 /* Build configuration list for PBXNativeTarget "yugioh-mvvm" */;
			buildPhases = (
				AE2D944F2981A182003E5EB6 /* Sources */,
				AE2D94502981A182003E5EB6 /* Frameworks */,
				AE2D94512981A182003E5EB6 /* Resources */,
			);
			buildRules = (
			);
			dependencies = (
			);
			name = "yugioh-mvvm";
			packageProductDependencies = (
				AEB1A5552995668100424D3A /* SnapKit */,
				AEB1A55C29956DDB00424D3A /* Kingfisher */,
				AEB1A5622995736300424D3A /* ProgressHUD */,
			);
			productName = "yugioh-mvvm";
			productReference = AE2D94532981A182003E5EB6 /* yugioh-mvvm.app */;
			productType = "com.apple.product-type.application";
		};
/* End PBXNativeTarget section */

/* Begin PBXProject section */
		AE2D944B2981A182003E5EB6 /* Project object */ = {
			isa = PBXProject;
			attributes = {
				BuildIndependentTargetsInParallel = 1;
				LastSwiftUpdateCheck = 1420;
				LastUpgradeCheck = 1420;
				TargetAttributes = {
					AE2D94522981A182003E5EB6 = {
						CreatedOnToolsVersion = 14.2;
					};
				};
			};
			buildConfigurationList = AE2D944E2981A182003E5EB6 /* Build configuration list for PBXProject "yugioh-mvvm" */;
			compatibilityVersion = "Xcode 14.0";
			developmentRegion = en;
			hasScannedForEncodings = 0;
			knownRegions = (
				en,
				Base,
			);
			mainGroup = AE2D944A2981A182003E5EB6;
			packageReferences = (
				AEB1A5542995668100424D3A /* XCRemoteSwiftPackageReference "SnapKit" */,
				AEB1A55B29956DDB00424D3A /* XCRemoteSwiftPackageReference "Kingfisher" */,
				AEB1A5612995736300424D3A /* XCRemoteSwiftPackageReference "ProgressHUD" */,
			);
			productRefGroup = AE2D94542981A182003E5EB6 /* Products */;
			projectDirPath = "";
			projectRoot = "";
			targets = (
				AE2D94522981A182003E5EB6 /* yugioh-mvvm */,
			);
		};
/* End PBXProject section */

/* Begin PBXResourcesBuildPhase section */
		AE2D94512981A182003E5EB6 /* Resources */ = {
			isa = PBXResourcesBuildPhase;
			buildActionMask = 2147483647;
			files = (
				AE2D94632981A184003E5EB6 /* LaunchScreen.storyboard in Resources */,
				AE2D94602981A184003E5EB6 /* Assets.xcassets in Resources */,
			);
			runOnlyForDeploymentPostprocessing = 0;
		};
/* End PBXResourcesBuildPhase section */

/* Begin PBXSourcesBuildPhase section */
		AE2D944F2981A182003E5EB6 /* Sources */ = {
			isa = PBXSourcesBuildPhase;
			buildActionMask = 2147483647;
			files = (
				AEB1A560299572CD00424D3A /* AppController.swift in Sources */,
				AEB1A55A29956D9500424D3A /* CardListCell.swift in Sources */,
				AE2D947F2981CB6B003E5EB6 /* CustomError.swift in Sources */,
				AEB1A54D299439AE00424D3A /* ViewState.swift in Sources */,
				AE2D94812981CC10003E5EB6 /* CardService.swift in Sources */,
				AE2D947C2981C99F003E5EB6 /* Service.swift in Sources */,
				AEB1A558299566D300424D3A /* HomeViewController.swift in Sources */,
				AE2D94572981A182003E5EB6 /* AppDelegate.swift in Sources */,
				AE2D947A2981C0C3003E5EB6 /* CardResponse.swift in Sources */,
				AEB1A55129943A8400424D3A /* HomeViewModel.swift in Sources */,
				AEB1A55329943B5F00424D3A /* Types.swift in Sources */,
				AE2D94782981BFD0003E5EB6 /* Card.swift in Sources */,
				AEB1A54F29943A2A00424D3A /* RequestDelegateProtocol.swift in Sources */,
				AE2D94592981A182003E5EB6 /* SceneDelegate.swift in Sources */,
				AE2D94762981BF46003E5EB6 /* CardImage.swift in Sources */,
			);
			runOnlyForDeploymentPostprocessing = 0;
		};
/* End PBXSourcesBuildPhase section */

/* Begin PBXVariantGroup section */
		AE2D94612981A184003E5EB6 /* LaunchScreen.storyboard */ = {
			isa = PBXVariantGroup;
			children = (
				AE2D94622981A184003E5EB6 /* Base */,
			);
			name = LaunchScreen.storyboard;
			sourceTree = "<group>";
		};
/* End PBXVariantGroup section */

/* Begin XCBuildConfiguration section */
		AE2D94652981A184003E5EB6 /* Debug */ = {
			isa = XCBuildConfiguration;
			buildSettings = {
				ALWAYS_SEARCH_USER_PATHS = NO;
				CLANG_ANALYZER_NONNULL = YES;
				CLANG_ANALYZER_NUMBER_OBJECT_CONVERSION = YES_AGGRESSIVE;
				CLANG_CXX_LANGUAGE_STANDARD = "gnu++20";
				CLANG_ENABLE_MODULES = YES;
				CLANG_ENABLE_OBJC_ARC = YES;
				CLANG_ENABLE_OBJC_WEAK = YES;
				CLANG_WARN_BLOCK_CAPTURE_AUTORELEASING = YES;
				CLANG_WARN_BOOL_CONVERSION = YES;
				CLANG_WARN_COMMA = YES;
				CLANG_WARN_CONSTANT_CONVERSION = YES;
				CLANG_WARN_DEPRECATED_OBJC_IMPLEMENTATIONS = YES;
				CLANG_WARN_DIRECT_OBJC_ISA_USAGE = YES_ERROR;
				CLANG_WARN_DOCUMENTATION_COMMENTS = YES;
				CLANG_WARN_EMPTY_BODY = YES;
				CLANG_WARN_ENUM_CONVERSION = YES;
				CLANG_WARN_INFINITE_RECURSION = YES;
				CLANG_WARN_INT_CONVERSION = YES;
				CLANG_WARN_NON_LITERAL_NULL_CONVERSION = YES;
				CLANG_WARN_OBJC_IMPLICIT_RETAIN_SELF = YES;
				CLANG_WARN_OBJC_LITERAL_CONVERSION = YES;
				CLANG_WARN_OBJC_ROOT_CLASS = YES_ERROR;
				CLANG_WARN_QUOTED_INCLUDE_IN_FRAMEWORK_HEADER = YES;
				CLANG_WARN_RANGE_LOOP_ANALYSIS = YES;
				CLANG_WARN_STRICT_PROTOTYPES = YES;
				CLANG_WARN_SUSPICIOUS_MOVE = YES;
				CLANG_WARN_UNGUARDED_AVAILABILITY = YES_AGGRESSIVE;
				CLANG_WARN_UNREACHABLE_CODE = YES;
				CLANG_WARN__DUPLICATE_METHOD_MATCH = YES;
				COPY_PHASE_STRIP = NO;
				DEBUG_INFORMATION_FORMAT = dwarf;
				ENABLE_STRICT_OBJC_MSGSEND = YES;
				ENABLE_TESTABILITY = YES;
				GCC_C_LANGUAGE_STANDARD = gnu11;
				GCC_DYNAMIC_NO_PIC = NO;
				GCC_NO_COMMON_BLOCKS = YES;
				GCC_OPTIMIZATION_LEVEL = 0;
				GCC_PREPROCESSOR_DEFINITIONS = (
					"DEBUG=1",
					"$(inherited)",
				);
				GCC_WARN_64_TO_32_BIT_CONVERSION = YES;
				GCC_WARN_ABOUT_RETURN_TYPE = YES_ERROR;
				GCC_WARN_UNDECLARED_SELECTOR = YES;
				GCC_WARN_UNINITIALIZED_AUTOS = YES_AGGRESSIVE;
				GCC_WARN_UNUSED_FUNCTION = YES;
				GCC_WARN_UNUSED_VARIABLE = YES;
				IPHONEOS_DEPLOYMENT_TARGET = 16.2;
				MTL_ENABLE_DEBUG_INFO = INCLUDE_SOURCE;
				MTL_FAST_MATH = YES;
				ONLY_ACTIVE_ARCH = YES;
				SDKROOT = iphoneos;
				SWIFT_ACTIVE_COMPILATION_CONDITIONS = DEBUG;
				SWIFT_OPTIMIZATION_LEVEL = "-Onone";
			};
			name = Debug;
		};
		AE2D94662981A184003E5EB6 /* Release */ = {
			isa = XCBuildConfiguration;
			buildSettings = {
				ALWAYS_SEARCH_USER_PATHS = NO;
				CLANG_ANALYZER_NONNULL = YES;
				CLANG_ANALYZER_NUMBER_OBJECT_CONVERSION = YES_AGGRESSIVE;
				CLANG_CXX_LANGUAGE_STANDARD = "gnu++20";
				CLANG_ENABLE_MODULES = YES;
				CLANG_ENABLE_OBJC_ARC = YES;
				CLANG_ENABLE_OBJC_WEAK = YES;
				CLANG_WARN_BLOCK_CAPTURE_AUTORELEASING = YES;
				CLANG_WARN_BOOL_CONVERSION = YES;
				CLANG_WARN_COMMA = YES;
				CLANG_WARN_CONSTANT_CONVERSION = YES;
				CLANG_WARN_DEPRECATED_OBJC_IMPLEMENTATIONS = YES;
				CLANG_WARN_DIRECT_OBJC_ISA_USAGE = YES_ERROR;
				CLANG_WARN_DOCUMENTATION_COMMENTS = YES;
				CLANG_WARN_EMPTY_BODY = YES;
				CLANG_WARN_ENUM_CONVERSION = YES;
				CLANG_WARN_INFINITE_RECURSION = YES;
				CLANG_WARN_INT_CONVERSION = YES;
				CLANG_WARN_NON_LITERAL_NULL_CONVERSION = YES;
				CLANG_WARN_OBJC_IMPLICIT_RETAIN_SELF = YES;
				CLANG_WARN_OBJC_LITERAL_CONVERSION = YES;
				CLANG_WARN_OBJC_ROOT_CLASS = YES_ERROR;
				CLANG_WARN_QUOTED_INCLUDE_IN_FRAMEWORK_HEADER = YES;
				CLANG_WARN_RANGE_LOOP_ANALYSIS = YES;
				CLANG_WARN_STRICT_PROTOTYPES = YES;
				CLANG_WARN_SUSPICIOUS_MOVE = YES;
				CLANG_WARN_UNGUARDED_AVAILABILITY = YES_AGGRESSIVE;
				CLANG_WARN_UNREACHABLE_CODE = YES;
				CLANG_WARN__DUPLICATE_METHOD_MATCH = YES;
				COPY_PHASE_STRIP = NO;
				DEBUG_INFORMATION_FORMAT = "dwarf-with-dsym";
				ENABLE_NS_ASSERTIONS = NO;
				ENABLE_STRICT_OBJC_MSGSEND = YES;
				GCC_C_LANGUAGE_STANDARD = gnu11;
				GCC_NO_COMMON_BLOCKS = YES;
				GCC_WARN_64_TO_32_BIT_CONVERSION = YES;
				GCC_WARN_ABOUT_RETURN_TYPE = YES_ERROR;
				GCC_WARN_UNDECLARED_SELECTOR = YES;
				GCC_WARN_UNINITIALIZED_AUTOS = YES_AGGRESSIVE;
				GCC_WARN_UNUSED_FUNCTION = YES;
				GCC_WARN_UNUSED_VARIABLE = YES;
				IPHONEOS_DEPLOYMENT_TARGET = 16.2;
				MTL_ENABLE_DEBUG_INFO = NO;
				MTL_FAST_MATH = YES;
				SDKROOT = iphoneos;
				SWIFT_COMPILATION_MODE = wholemodule;
				SWIFT_OPTIMIZATION_LEVEL = "-O";
				VALIDATE_PRODUCT = YES;
			};
			name = Release;
		};
		AE2D94682981A184003E5EB6 /* Debug */ = {
			isa = XCBuildConfiguration;
			buildSettings = {
				ASSETCATALOG_COMPILER_APPICON_NAME = AppIcon;
				ASSETCATALOG_COMPILER_GLOBAL_ACCENT_COLOR_NAME = AccentColor;
				CODE_SIGN_STYLE = Automatic;
				CURRENT_PROJECT_VERSION = 1;
				DEVELOPMENT_TEAM = 25HQJM5AJ3;
				GENERATE_INFOPLIST_FILE = YES;
				INFOPLIST_FILE = "yugioh-mvvm/Info.plist";
				INFOPLIST_KEY_UIApplicationSupportsIndirectInputEvents = YES;
				INFOPLIST_KEY_UILaunchStoryboardName = LaunchScreen;
				INFOPLIST_KEY_UISupportedInterfaceOrientations_iPad = "UIInterfaceOrientationPortrait UIInterfaceOrientationPortraitUpsideDown UIInterfaceOrientationLandscapeLeft UIInterfaceOrientationLandscapeRight";
				INFOPLIST_KEY_UISupportedInterfaceOrientations_iPhone = "UIInterfaceOrientationPortrait UIInterfaceOrientationLandscapeLeft UIInterfaceOrientationLandscapeRight";
				LD_RUNPATH_SEARCH_PATHS = (
					"$(inherited)",
					"@executable_path/Frameworks",
				);
				MARKETING_VERSION = 1.0;
				PRODUCT_BUNDLE_IDENTIFIER = "com.chr.yugioh-mvvm";
				PRODUCT_NAME = "$(TARGET_NAME)";
				SWIFT_EMIT_LOC_STRINGS = YES;
				SWIFT_VERSION = 5.0;
				TARGETED_DEVICE_FAMILY = "1,2";
			};
			name = Debug;
		};
		AE2D94692981A184003E5EB6 /* Release */ = {
			isa = XCBuildConfiguration;
			buildSettings = {
				ASSETCATALOG_COMPILER_APPICON_NAME = AppIcon;
				ASSETCATALOG_COMPILER_GLOBAL_ACCENT_COLOR_NAME = AccentColor;
				CODE_SIGN_STYLE = Automatic;
				CURRENT_PROJECT_VERSION = 1;
				DEVELOPMENT_TEAM = 25HQJM5AJ3;
				GENERATE_INFOPLIST_FILE = YES;
				INFOPLIST_FILE = "yugioh-mvvm/Info.plist";
				INFOPLIST_KEY_UIApplicationSupportsIndirectInputEvents = YES;
				INFOPLIST_KEY_UILaunchStoryboardName = LaunchScreen;
				INFOPLIST_KEY_UISupportedInterfaceOrientations_iPad = "UIInterfaceOrientationPortrait UIInterfaceOrientationPortraitUpsideDown UIInterfaceOrientationLandscapeLeft UIInterfaceOrientationLandscapeRight";
				INFOPLIST_KEY_UISupportedInterfaceOrientations_iPhone = "UIInterfaceOrientationPortrait UIInterfaceOrientationLandscapeLeft UIInterfaceOrientationLandscapeRight";
				LD_RUNPATH_SEARCH_PATHS = (
					"$(inherited)",
					"@executable_path/Frameworks",
				);
				MARKETING_VERSION = 1.0;
				PRODUCT_BUNDLE_IDENTIFIER = "com.chr.yugioh-mvvm";
				PRODUCT_NAME = "$(TARGET_NAME)";
				SWIFT_EMIT_LOC_STRINGS = YES;
				SWIFT_VERSION = 5.0;
				TARGETED_DEVICE_FAMILY = "1,2";
			};
			name = Release;
		};
/* End XCBuildConfiguration section */

/* Begin XCConfigurationList section */
		AE2D944E2981A182003E5EB6 /* Build configuration list for PBXProject "yugioh-mvvm" */ = {
			isa = XCConfigurationList;
			buildConfigurations = (
				AE2D94652981A184003E5EB6 /* Debug */,
				AE2D94662981A184003E5EB6 /* Release */,
			);
			defaultConfigurationIsVisible = 0;
			defaultConfigurationName = Release;
		};
		AE2D94672981A184003E5EB6 /* Build configuration list for PBXNativeTarget "yugioh-mvvm" */ = {
			isa = XCConfigurationList;
			buildConfigurations = (
				AE2D94682981A184003E5EB6 /* Debug */,
				AE2D94692981A184003E5EB6 /* Release */,
			);
			defaultConfigurationIsVisible = 0;
			defaultConfigurationName = Release;
		};
/* End XCConfigurationList section */

/* Begin XCRemoteSwiftPackageReference section */
		AEB1A5542995668100424D3A /* XCRemoteSwiftPackageReference "SnapKit" */ = {
			isa = XCRemoteSwiftPackageReference;
			repositoryURL = "https://github.com/SnapKit/SnapKit.git";
			requirement = {
				kind = upToNextMajorVersion;
				minimumVersion = 5.0.0;
			};
		};
		AEB1A55B29956DDB00424D3A /* XCRemoteSwiftPackageReference "Kingfisher" */ = {
			isa = XCRemoteSwiftPackageReference;
			repositoryURL = "https://github.com/onevcat/Kingfisher";
			requirement = {
				kind = upToNextMajorVersion;
				minimumVersion = 7.0.0;
			};
		};
		AEB1A5612995736300424D3A /* XCRemoteSwiftPackageReference "ProgressHUD" */ = {
			isa = XCRemoteSwiftPackageReference;
			repositoryURL = "https://github.com/relatedcode/ProgressHUD";
			requirement = {
				kind = upToNextMajorVersion;
				minimumVersion = 13.0.0;
			};
		};
/* End XCRemoteSwiftPackageReference section */

/* Begin XCSwiftPackageProductDependency section */
		AEB1A5552995668100424D3A /* SnapKit */ = {
			isa = XCSwiftPackageProductDependency;
			package = AEB1A5542995668100424D3A /* XCRemoteSwiftPackageReference "SnapKit" */;
			productName = SnapKit;
		};
		AEB1A55C29956DDB00424D3A /* Kingfisher */ = {
			isa = XCSwiftPackageProductDependency;
			package = AEB1A55B29956DDB00424D3A /* XCRemoteSwiftPackageReference "Kingfisher" */;
			productName = Kingfisher;
		};
		AEB1A5622995736300424D3A /* ProgressHUD */ = {
			isa = XCSwiftPackageProductDependency;
			package = AEB1A5612995736300424D3A /* XCRemoteSwiftPackageReference "ProgressHUD" */;
			productName = ProgressHUD;
		};
/* End XCSwiftPackageProductDependency section */
	};
	rootObject = AE2D944B2981A182003E5EB6 /* Project object */;
}
